// !$*UTF8*$!
{
	archiveVersion = 1;
	classes = {
	};
	objectVersion = 50;
	objects = {

/* Begin PBXBuildFile section */
		2120D3432487D50700437F9F /* AppDelegate.swift in Sources */ = {isa = PBXBuildFile; fileRef = 2120D3422487D50700437F9F /* AppDelegate.swift */; };
		2120D3452487D50700437F9F /* SceneDelegate.swift in Sources */ = {isa = PBXBuildFile; fileRef = 2120D3442487D50700437F9F /* SceneDelegate.swift */; };
		2120D3472487D50700437F9F /* ContentView.swift in Sources */ = {isa = PBXBuildFile; fileRef = 2120D3462487D50700437F9F /* ContentView.swift */; };
		2120D3492487D50A00437F9F /* Assets.xcassets in Resources */ = {isa = PBXBuildFile; fileRef = 2120D3482487D50A00437F9F /* Assets.xcassets */; };
		2120D34C2487D50A00437F9F /* Preview Assets.xcassets in Resources */ = {isa = PBXBuildFile; fileRef = 2120D34B2487D50A00437F9F /* Preview Assets.xcassets */; };
		2120D34F2487D50A00437F9F /* LaunchScreen.storyboard in Resources */ = {isa = PBXBuildFile; fileRef = 2120D34D2487D50A00437F9F /* LaunchScreen.storyboard */; };
		2120D35A2487D50A00437F9F /* XcodeTtestTests.swift in Sources */ = {isa = PBXBuildFile; fileRef = 2120D3592487D50A00437F9F /* XcodeTtestTests.swift */; };
		2120D3652487D50A00437F9F /* XcodeTtestUITests.swift in Sources */ = {isa = PBXBuildFile; fileRef = 2120D3642487D50A00437F9F /* XcodeTtestUITests.swift */; };
		2120D3732487D9C200437F9F /* .travis.yml in Resources */ = {isa = PBXBuildFile; fileRef = 2120D3722487D9C200437F9F /* .travis.yml */; };
/* End PBXBuildFile section */

/* Begin PBXContainerItemProxy section */
		2120D3562487D50A00437F9F /* PBXContainerItemProxy */ = {
			isa = PBXContainerItemProxy;
			containerPortal = 2120D3372487D50700437F9F /* Project object */;
			proxyType = 1;
			remoteGlobalIDString = 2120D33E2487D50700437F9F;
			remoteInfo = XcodeTtest;
		};
		2120D3612487D50A00437F9F /* PBXContainerItemProxy */ = {
			isa = PBXContainerItemProxy;
			containerPortal = 2120D3372487D50700437F9F /* Project object */;
			proxyType = 1;
			remoteGlobalIDString = 2120D33E2487D50700437F9F;
			remoteInfo = XcodeTtest;
		};
/* End PBXContainerItemProxy section */

/* Begin PBXFileReference section */
		2120D33F2487D50700437F9F /* XcodeTtest.app */ = {isa = PBXFileReference; explicitFileType = wrapper.application; includeInIndex = 0; path = XcodeTtest.app; sourceTree = BUILT_PRODUCTS_DIR; };
		2120D3422487D50700437F9F /* AppDelegate.swift */ = {isa = PBXFileReference; lastKnownFileType = sourcecode.swift; path = AppDelegate.swift; sourceTree = "<group>"; };
		2120D3442487D50700437F9F /* SceneDelegate.swift */ = {isa = PBXFileReference; lastKnownFileType = sourcecode.swift; path = SceneDelegate.swift; sourceTree = "<group>"; };
		2120D3462487D50700437F9F /* ContentView.swift */ = {isa = PBXFileReference; lastKnownFileType = sourcecode.swift; path = ContentView.swift; sourceTree = "<group>"; };
		2120D3482487D50A00437F9F /* Assets.xcassets */ = {isa = PBXFileReference; lastKnownFileType = folder.assetcatalog; path = Assets.xcassets; sourceTree = "<group>"; };
		2120D34B2487D50A00437F9F /* Preview Assets.xcassets */ = {isa = PBXFileReference; lastKnownFileType = folder.assetcatalog; path = "Preview Assets.xcassets"; sourceTree = "<group>"; };
		2120D34E2487D50A00437F9F /* Base */ = {isa = PBXFileReference; lastKnownFileType = file.storyboard; name = Base; path = Base.lproj/LaunchScreen.storyboard; sourceTree = "<group>"; };
		2120D3502487D50A00437F9F /* Info.plist */ = {isa = PBXFileReference; lastKnownFileType = text.plist.xml; path = Info.plist; sourceTree = "<group>"; };
		2120D3552487D50A00437F9F /* XcodeTtestTests.xctest */ = {isa = PBXFileReference; explicitFileType = wrapper.cfbundle; includeInIndex = 0; path = XcodeTtestTests.xctest; sourceTree = BUILT_PRODUCTS_DIR; };
		2120D3592487D50A00437F9F /* XcodeTtestTests.swift */ = {isa = PBXFileReference; lastKnownFileType = sourcecode.swift; path = XcodeTtestTests.swift; sourceTree = "<group>"; };
		2120D35B2487D50A00437F9F /* Info.plist */ = {isa = PBXFileReference; lastKnownFileType = text.plist.xml; path = Info.plist; sourceTree = "<group>"; };
		2120D3602487D50A00437F9F /* XcodeTtestUITests.xctest */ = {isa = PBXFileReference; explicitFileType = wrapper.cfbundle; includeInIndex = 0; path = XcodeTtestUITests.xctest; sourceTree = BUILT_PRODUCTS_DIR; };
		2120D3642487D50A00437F9F /* XcodeTtestUITests.swift */ = {isa = PBXFileReference; lastKnownFileType = sourcecode.swift; path = XcodeTtestUITests.swift; sourceTree = "<group>"; };
		2120D3662487D50A00437F9F /* Info.plist */ = {isa = PBXFileReference; lastKnownFileType = text.plist.xml; path = Info.plist; sourceTree = "<group>"; };
		2120D3722487D9C200437F9F /* .travis.yml */ = {isa = PBXFileReference; lastKnownFileType = text.yaml; path = .travis.yml; sourceTree = "<group>"; };
/* End PBXFileReference section */

/* Begin PBXFrameworksBuildPhase section */
		2120D33C2487D50700437F9F /* Frameworks */ = {
			isa = PBXFrameworksBuildPhase;
			buildActionMask = 2147483647;
			files = (
			);
			runOnlyForDeploymentPostprocessing = 0;
		};
		2120D3522487D50A00437F9F /* Frameworks */ = {
			isa = PBXFrameworksBuildPhase;
			buildActionMask = 2147483647;
			files = (
			);
			runOnlyForDeploymentPostprocessing = 0;
		};
		2120D35D2487D50A00437F9F /* Frameworks */ = {
			isa = PBXFrameworksBuildPhase;
			buildActionMask = 2147483647;
			files = (
			);
			runOnlyForDeploymentPostprocessing = 0;
		};
/* End PBXFrameworksBuildPhase section */

/* Begin PBXGroup section */
		2120D3362487D50700437F9F = {
			isa = PBXGroup;
			children = (
				2120D3722487D9C200437F9F /* .travis.yml */,
				2120D3412487D50700437F9F /* XcodeTtest */,
				2120D3582487D50A00437F9F /* XcodeTtestTests */,
				2120D3632487D50A00437F9F /* XcodeTtestUITests */,
				2120D3402487D50700437F9F /* Products */,
			);
			sourceTree = "<group>";
		};
		2120D3402487D50700437F9F /* Products */ = {
			isa = PBXGroup;
			children = (
				2120D33F2487D50700437F9F /* XcodeTtest.app */,
				2120D3552487D50A00437F9F /* XcodeTtestTests.xctest */,
				2120D3602487D50A00437F9F /* XcodeTtestUITests.xctest */,
			);
			name = Products;
			sourceTree = "<group>";
		};
		2120D3412487D50700437F9F /* XcodeTtest */ = {
			isa = PBXGroup;
			children = (
				2120D3422487D50700437F9F /* AppDelegate.swift */,
				2120D3442487D50700437F9F /* SceneDelegate.swift */,
				2120D3462487D50700437F9F /* ContentView.swift */,
				2120D3482487D50A00437F9F /* Assets.xcassets */,
				2120D34D2487D50A00437F9F /* LaunchScreen.storyboard */,
				2120D3502487D50A00437F9F /* Info.plist */,
				2120D34A2487D50A00437F9F /* Preview Content */,
			);
			path = XcodeTtest;
			sourceTree = "<group>";
		};
		2120D34A2487D50A00437F9F /* Preview Content */ = {
			isa = PBXGroup;
			children = (
				2120D34B2487D50A00437F9F /* Preview Assets.xcassets */,
			);
			path = "Preview Content";
			sourceTree = "<group>";
		};
		2120D3582487D50A00437F9F /* XcodeTtestTests */ = {
			isa = PBXGroup;
			children = (
				2120D3592487D50A00437F9F /* XcodeTtestTests.swift */,
				2120D35B2487D50A00437F9F /* Info.plist */,
			);
			path = XcodeTtestTests;
			sourceTree = "<group>";
		};
		2120D3632487D50A00437F9F /* XcodeTtestUITests */ = {
			isa = PBXGroup;
			children = (
				2120D3642487D50A00437F9F /* XcodeTtestUITests.swift */,
				2120D3662487D50A00437F9F /* Info.plist */,
			);
			path = XcodeTtestUITests;
			sourceTree = "<group>";
		};
/* End PBXGroup section */

/* Begin PBXNativeTarget section */
		2120D33E2487D50700437F9F /* XcodeTtest */ = {
			isa = PBXNativeTarget;
			buildConfigurationList = 2120D3692487D50A00437F9F /* Build configuration list for PBXNativeTarget "XcodeTtest" */;
			buildPhases = (
				2120D33B2487D50700437F9F /* Sources */,
				2120D33C2487D50700437F9F /* Frameworks */,
				2120D33D2487D50700437F9F /* Resources */,
			);
			buildRules = (
			);
			dependencies = (
			);
			name = XcodeTtest;
			productName = XcodeTtest;
			productReference = 2120D33F2487D50700437F9F /* XcodeTtest.app */;
			productType = "com.apple.product-type.application";
		};
		2120D3542487D50A00437F9F /* XcodeTtestTests */ = {
			isa = PBXNativeTarget;
			buildConfigurationList = 2120D36C2487D50A00437F9F /* Build configuration list for PBXNativeTarget "XcodeTtestTests" */;
			buildPhases = (
				2120D3512487D50A00437F9F /* Sources */,
				2120D3522487D50A00437F9F /* Frameworks */,
				2120D3532487D50A00437F9F /* Resources */,
			);
			buildRules = (
			);
			dependencies = (
				2120D3572487D50A00437F9F /* PBXTargetDependency */,
			);
			name = XcodeTtestTests;
			productName = XcodeTtestTests;
			productReference = 2120D3552487D50A00437F9F /* XcodeTtestTests.xctest */;
			productType = "com.apple.product-type.bundle.unit-test";
		};
		2120D35F2487D50A00437F9F /* XcodeTtestUITests */ = {
			isa = PBXNativeTarget;
			buildConfigurationList = 2120D36F2487D50A00437F9F /* Build configuration list for PBXNativeTarget "XcodeTtestUITests" */;
			buildPhases = (
				2120D35C2487D50A00437F9F /* Sources */,
				2120D35D2487D50A00437F9F /* Frameworks */,
				2120D35E2487D50A00437F9F /* Resources */,
			);
			buildRules = (
			);
			dependencies = (
				2120D3622487D50A00437F9F /* PBXTargetDependency */,
			);
			name = XcodeTtestUITests;
			productName = XcodeTtestUITests;
			productReference = 2120D3602487D50A00437F9F /* XcodeTtestUITests.xctest */;
			productType = "com.apple.product-type.bundle.ui-testing";
		};
/* End PBXNativeTarget section */

/* Begin PBXProject section */
		2120D3372487D50700437F9F /* Project object */ = {
			isa = PBXProject;
			attributes = {
				LastSwiftUpdateCheck = 1150;
				LastUpgradeCheck = 1150;
				ORGANIZATIONNAME = "Mathias Aichinger";
				TargetAttributes = {
					2120D33E2487D50700437F9F = {
						CreatedOnToolsVersion = 11.5;
					};
					2120D3542487D50A00437F9F = {
						CreatedOnToolsVersion = 11.5;
						TestTargetID = 2120D33E2487D50700437F9F;
					};
					2120D35F2487D50A00437F9F = {
						CreatedOnToolsVersion = 11.5;
						TestTargetID = 2120D33E2487D50700437F9F;
					};
				};
			};
			buildConfigurationList = 2120D33A2487D50700437F9F /* Build configuration list for PBXProject "XcodeTtest" */;
			compatibilityVersion = "Xcode 9.3";
			developmentRegion = en;
			hasScannedForEncodings = 0;
			knownRegions = (
				en,
				Base,
			);
			mainGroup = 2120D3362487D50700437F9F;
			productRefGroup = 2120D3402487D50700437F9F /* Products */;
			projectDirPath = "";
			projectRoot = "";
			targets = (
				2120D33E2487D50700437F9F /* XcodeTtest */,
				2120D3542487D50A00437F9F /* XcodeTtestTests */,
				2120D35F2487D50A00437F9F /* XcodeTtestUITests */,
			);
		};
/* End PBXProject section */

/* Begin PBXResourcesBuildPhase section */
		2120D33D2487D50700437F9F /* Resources */ = {
			isa = PBXResourcesBuildPhase;
			buildActionMask = 2147483647;
			files = (
				2120D34F2487D50A00437F9F /* LaunchScreen.storyboard in Resources */,
				2120D34C2487D50A00437F9F /* Preview Assets.xcassets in Resources */,
				2120D3732487D9C200437F9F /* .travis.yml in Resources */,
				2120D3492487D50A00437F9F /* Assets.xcassets in Resources */,
			);
			runOnlyForDeploymentPostprocessing = 0;
		};
		2120D3532487D50A00437F9F /* Resources */ = {
			isa = PBXResourcesBuildPhase;
			buildActionMask = 2147483647;
			files = (
			);
			runOnlyForDeploymentPostprocessing = 0;
		};
		2120D35E2487D50A00437F9F /* Resources */ = {
			isa = PBXResourcesBuildPhase;
			buildActionMask = 2147483647;
			files = (
			);
			runOnlyForDeploymentPostprocessing = 0;
		};
/* End PBXResourcesBuildPhase section */

/* Begin PBXSourcesBuildPhase section */
		2120D33B2487D50700437F9F /* Sources */ = {
			isa = PBXSourcesBuildPhase;
			buildActionMask = 2147483647;
			files = (
				2120D3432487D50700437F9F /* AppDelegate.swift in Sources */,
				2120D3452487D50700437F9F /* SceneDelegate.swift in Sources */,
				2120D3472487D50700437F9F /* ContentView.swift in Sources */,
			);
			runOnlyForDeploymentPostprocessing = 0;
		};
		2120D3512487D50A00437F9F /* Sources */ = {
			isa = PBXSourcesBuildPhase;
			buildActionMask = 2147483647;
			files = (
				2120D35A2487D50A00437F9F /* XcodeTtestTests.swift in Sources */,
			);
			runOnlyForDeploymentPostprocessing = 0;
		};
		2120D35C2487D50A00437F9F /* Sources */ = {
			isa = PBXSourcesBuildPhase;
			buildActionMask = 2147483647;
			files = (
				2120D3652487D50A00437F9F /* XcodeTtestUITests.swift in Sources */,
			);
			runOnlyForDeploymentPostprocessing = 0;
		};
/* End PBXSourcesBuildPhase section */

/* Begin PBXTargetDependency section */
		2120D3572487D50A00437F9F /* PBXTargetDependency */ = {
			isa = PBXTargetDependency;
			target = 2120D33E2487D50700437F9F /* XcodeTtest */;
			targetProxy = 2120D3562487D50A00437F9F /* PBXContainerItemProxy */;
		};
		2120D3622487D50A00437F9F /* PBXTargetDependency */ = {
			isa = PBXTargetDependency;
			target = 2120D33E2487D50700437F9F /* XcodeTtest */;
			targetProxy = 2120D3612487D50A00437F9F /* PBXContainerItemProxy */;
		};
/* End PBXTargetDependency section */

/* Begin PBXVariantGroup section */
		2120D34D2487D50A00437F9F /* LaunchScreen.storyboard */ = {
			isa = PBXVariantGroup;
			children = (
				2120D34E2487D50A00437F9F /* Base */,
			);
			name = LaunchScreen.storyboard;
			sourceTree = "<group>";
		};
/* End PBXVariantGroup section */

/* Begin XCBuildConfiguration section */
		2120D3672487D50A00437F9F /* Debug */ = {
			isa = XCBuildConfiguration;
			buildSettings = {
				ALWAYS_SEARCH_USER_PATHS = NO;
				CLANG_ANALYZER_NONNULL = YES;
				CLANG_ANALYZER_NUMBER_OBJECT_CONVERSION = YES_AGGRESSIVE;
				CLANG_CXX_LANGUAGE_STANDARD = "gnu++14";
				CLANG_CXX_LIBRARY = "libc++";
				CLANG_ENABLE_MODULES = YES;
				CLANG_ENABLE_OBJC_ARC = YES;
				CLANG_ENABLE_OBJC_WEAK = YES;
				CLANG_WARN_BLOCK_CAPTURE_AUTORELEASING = YES;
				CLANG_WARN_BOOL_CONVERSION = YES;
				CLANG_WARN_COMMA = YES;
				CLANG_WARN_CONSTANT_CONVERSION = YES;
				CLANG_WARN_DEPRECATED_OBJC_IMPLEMENTATIONS = YES;
				CLANG_WARN_DIRECT_OBJC_ISA_USAGE = YES_ERROR;
				CLANG_WARN_DOCUMENTATION_COMMENTS = YES;
				CLANG_WARN_EMPTY_BODY = YES;
				CLANG_WARN_ENUM_CONVERSION = YES;
				CLANG_WARN_INFINITE_RECURSION = YES;
				CLANG_WARN_INT_CONVERSION = YES;
				CLANG_WARN_NON_LITERAL_NULL_CONVERSION = YES;
				CLANG_WARN_OBJC_IMPLICIT_RETAIN_SELF = YES;
				CLANG_WARN_OBJC_LITERAL_CONVERSION = YES;
				CLANG_WARN_OBJC_ROOT_CLASS = YES_ERROR;
				CLANG_WARN_RANGE_LOOP_ANALYSIS = YES;
				CLANG_WARN_STRICT_PROTOTYPES = YES;
				CLANG_WARN_SUSPICIOUS_MOVE = YES;
				CLANG_WARN_UNGUARDED_AVAILABILITY = YES_AGGRESSIVE;
				CLANG_WARN_UNREACHABLE_CODE = YES;
				CLANG_WARN__DUPLICATE_METHOD_MATCH = YES;
				COPY_PHASE_STRIP = NO;
				DEBUG_INFORMATION_FORMAT = dwarf;
				ENABLE_STRICT_OBJC_MSGSEND = YES;
				ENABLE_TESTABILITY = YES;
				GCC_C_LANGUAGE_STANDARD = gnu11;
				GCC_DYNAMIC_NO_PIC = NO;
				GCC_NO_COMMON_BLOCKS = YES;
				GCC_OPTIMIZATION_LEVEL = 0;
				GCC_PREPROCESSOR_DEFINITIONS = (
					"DEBUG=1",
					"$(inherited)",
				);
				GCC_WARN_64_TO_32_BIT_CONVERSION = YES;
				GCC_WARN_ABOUT_RETURN_TYPE = YES_ERROR;
				GCC_WARN_UNDECLARED_SELECTOR = YES;
				GCC_WARN_UNINITIALIZED_AUTOS = YES_AGGRESSIVE;
				GCC_WARN_UNUSED_FUNCTION = YES;
				GCC_WARN_UNUSED_VARIABLE = YES;
				IPHONEOS_DEPLOYMENT_TARGET = 13.5;
				MTL_ENABLE_DEBUG_INFO = INCLUDE_SOURCE;
				MTL_FAST_MATH = YES;
				ONLY_ACTIVE_ARCH = YES;
				SDKROOT = iphoneos;
				SWIFT_ACTIVE_COMPILATION_CONDITIONS = DEBUG;
				SWIFT_OPTIMIZATION_LEVEL = "-Onone";
			};
			name = Debug;
		};
		2120D3682487D50A00437F9F /* Release */ = {
			isa = XCBuildConfiguration;
			buildSettings = {
				ALWAYS_SEARCH_USER_PATHS = NO;
				CLANG_ANALYZER_NONNULL = YES;
				CLANG_ANALYZER_NUMBER_OBJECT_CONVERSION = YES_AGGRESSIVE;
				CLANG_CXX_LANGUAGE_STANDARD = "gnu++14";
				CLANG_CXX_LIBRARY = "libc++";
				CLANG_ENABLE_MODULES = YES;
				CLANG_ENABLE_OBJC_ARC = YES;
				CLANG_ENABLE_OBJC_WEAK = YES;
				CLANG_WARN_BLOCK_CAPTURE_AUTORELEASING = YES;
				CLANG_WARN_BOOL_CONVERSION = YES;
				CLANG_WARN_COMMA = YES;
				CLANG_WARN_CONSTANT_CONVERSION = YES;
				CLANG_WARN_DEPRECATED_OBJC_IMPLEMENTATIONS = YES;
				CLANG_WARN_DIRECT_OBJC_ISA_USAGE = YES_ERROR;
				CLANG_WARN_DOCUMENTATION_COMMENTS = YES;
				CLANG_WARN_EMPTY_BODY = YES;
				CLANG_WARN_ENUM_CONVERSION = YES;
				CLANG_WARN_INFINITE_RECURSION = YES;
				CLANG_WARN_INT_CONVERSION = YES;
				CLANG_WARN_NON_LITERAL_NULL_CONVERSION = YES;
				CLANG_WARN_OBJC_IMPLICIT_RETAIN_SELF = YES;
				CLANG_WARN_OBJC_LITERAL_CONVERSION = YES;
				CLANG_WARN_OBJC_ROOT_CLASS = YES_ERROR;
				CLANG_WARN_RANGE_LOOP_ANALYSIS = YES;
				CLANG_WARN_STRICT_PROTOTYPES = YES;
				CLANG_WARN_SUSPICIOUS_MOVE = YES;
				CLANG_WARN_UNGUARDED_AVAILABILITY = YES_AGGRESSIVE;
				CLANG_WARN_UNREACHABLE_CODE = YES;
				CLANG_WARN__DUPLICATE_METHOD_MATCH = YES;
				COPY_PHASE_STRIP = NO;
				DEBUG_INFORMATION_FORMAT = "dwarf-with-dsym";
				ENABLE_NS_ASSERTIONS = NO;
				ENABLE_STRICT_OBJC_MSGSEND = YES;
				GCC_C_LANGUAGE_STANDARD = gnu11;
				GCC_NO_COMMON_BLOCKS = YES;
				GCC_WARN_64_TO_32_BIT_CONVERSION = YES;
				GCC_WARN_ABOUT_RETURN_TYPE = YES_ERROR;
				GCC_WARN_UNDECLARED_SELECTOR = YES;
				GCC_WARN_UNINITIALIZED_AUTOS = YES_AGGRESSIVE;
				GCC_WARN_UNUSED_FUNCTION = YES;
				GCC_WARN_UNUSED_VARIABLE = YES;
				IPHONEOS_DEPLOYMENT_TARGET = 13.5;
				MTL_ENABLE_DEBUG_INFO = NO;
				MTL_FAST_MATH = YES;
				SDKROOT = iphoneos;
				SWIFT_COMPILATION_MODE = wholemodule;
				SWIFT_OPTIMIZATION_LEVEL = "-O";
				VALIDATE_PRODUCT = YES;
			};
			name = Release;
		};
		2120D36A2487D50A00437F9F /* Debug */ = {
			isa = XCBuildConfiguration;
			buildSettings = {
				ASSETCATALOG_COMPILER_APPICON_NAME = AppIcon;
				CODE_SIGN_STYLE = Automatic;
				DEVELOPMENT_ASSET_PATHS = "\"XcodeTtest/Preview Content\"";
				DEVELOPMENT_TEAM = 6KD26L2C7U;
				ENABLE_PREVIEWS = YES;
				INFOPLIST_FILE = XcodeTtest/Info.plist;
				LD_RUNPATH_SEARCH_PATHS = (
					"$(inherited)",
					"@executable_path/Frameworks",
				);
				PRODUCT_BUNDLE_IDENTIFIER = tech.aichinger.XcodeTtest;
				PRODUCT_NAME = "$(TARGET_NAME)";
				SWIFT_VERSION = 5.0;
				TARGETED_DEVICE_FAMILY = "1,2";
			};
			name = Debug;
		};
		2120D36B2487D50A00437F9F /* Release */ = {
			isa = XCBuildConfiguration;
			buildSettings = {
				ASSETCATALOG_COMPILER_APPICON_NAME = AppIcon;
				CODE_SIGN_STYLE = Automatic;
				DEVELOPMENT_ASSET_PATHS = "\"XcodeTtest/Preview Content\"";
				DEVELOPMENT_TEAM = 6KD26L2C7U;
				ENABLE_PREVIEWS = YES;
				INFOPLIST_FILE = XcodeTtest/Info.plist;
				LD_RUNPATH_SEARCH_PATHS = (
					"$(inherited)",
					"@executable_path/Frameworks",
				);
				PRODUCT_BUNDLE_IDENTIFIER = tech.aichinger.XcodeTtest;
				PRODUCT_NAME = "$(TARGET_NAME)";
				SWIFT_VERSION = 5.0;
				TARGETED_DEVICE_FAMILY = "1,2";
			};
			name = Release;
		};
		2120D36D2487D50A00437F9F /* Debug */ = {
			isa = XCBuildConfiguration;
			buildSettings = {
				ALWAYS_EMBED_SWIFT_STANDARD_LIBRARIES = YES;
				BUNDLE_LOADER = "$(TEST_HOST)";
				CODE_SIGN_STYLE = Automatic;
				DEVELOPMENT_TEAM = 6KD26L2C7U;
				INFOPLIST_FILE = XcodeTtestTests/Info.plist;
				IPHONEOS_DEPLOYMENT_TARGET = 13.5;
				LD_RUNPATH_SEARCH_PATHS = (
					"$(inherited)",
					"@executable_path/Frameworks",
					"@loader_path/Frameworks",
				);
				PRODUCT_BUNDLE_IDENTIFIER = tech.aichinger.XcodeTtestTests;
				PRODUCT_NAME = "$(TARGET_NAME)";
				SWIFT_VERSION = 5.0;
				TARGETED_DEVICE_FAMILY = "1,2";
				TEST_HOST = "$(BUILT_PRODUCTS_DIR)/XcodeTtest.app/XcodeTtest";
			};
			name = Debug;
		};
		2120D36E2487D50A00437F9F /* Release */ = {
			isa = XCBuildConfiguration;
			buildSettings = {
				ALWAYS_EMBED_SWIFT_STANDARD_LIBRARIES = YES;
				BUNDLE_LOADER = "$(TEST_HOST)";
				CODE_SIGN_STYLE = Automatic;
				DEVELOPMENT_TEAM = 6KD26L2C7U;
				INFOPLIST_FILE = XcodeTtestTests/Info.plist;
				IPHONEOS_DEPLOYMENT_TARGET = 13.5;
				LD_RUNPATH_SEARCH_PATHS = (
					"$(inherited)",
					"@executable_path/Frameworks",
					"@loader_path/Frameworks",
				);
				PRODUCT_BUNDLE_IDENTIFIER = tech.aichinger.XcodeTtestTests;
				PRODUCT_NAME = "$(TARGET_NAME)";
				SWIFT_VERSION = 5.0;
				TARGETED_DEVICE_FAMILY = "1,2";
				TEST_HOST = "$(BUILT_PRODUCTS_DIR)/XcodeTtest.app/XcodeTtest";
			};
			name = Release;
		};
		2120D3702487D50A00437F9F /* Debug */ = {
			isa = XCBuildConfiguration;
			buildSettings = {
				ALWAYS_EMBED_SWIFT_STANDARD_LIBRARIES = YES;
				CODE_SIGN_STYLE = Automatic;
				DEVELOPMENT_TEAM = 6KD26L2C7U;
				INFOPLIST_FILE = XcodeTtestUITests/Info.plist;
				LD_RUNPATH_SEARCH_PATHS = (
					"$(inherited)",
					"@executable_path/Frameworks",
					"@loader_path/Frameworks",
				);
				PRODUCT_BUNDLE_IDENTIFIER = tech.aichinger.XcodeTtestUITests;
				PRODUCT_NAME = "$(TARGET_NAME)";
				SWIFT_VERSION = 5.0;
				TARGETED_DEVICE_FAMILY = "1,2";
				TEST_TARGET_NAME = XcodeTtest;
			};
			name = Debug;
		};
		2120D3712487D50A00437F9F /* Release */ = {
			isa = XCBuildConfiguration;
			buildSettings = {
				ALWAYS_EMBED_SWIFT_STANDARD_LIBRARIES = YES;
				CODE_SIGN_STYLE = Automatic;
				DEVELOPMENT_TEAM = 6KD26L2C7U;
				INFOPLIST_FILE = XcodeTtestUITests/Info.plist;
				LD_RUNPATH_SEARCH_PATHS = (
					"$(inherited)",
					"@executable_path/Frameworks",
					"@loader_path/Frameworks",
				);
				PRODUCT_BUNDLE_IDENTIFIER = tech.aichinger.XcodeTtestUITests;
				PRODUCT_NAME = "$(TARGET_NAME)";
				SWIFT_VERSION = 5.0;
				TARGETED_DEVICE_FAMILY = "1,2";
				TEST_TARGET_NAME = XcodeTtest;
			};
			name = Release;
		};
/* End XCBuildConfiguration section */

/* Begin XCConfigurationList section */
		2120D33A2487D50700437F9F /* Build configuration list for PBXProject "XcodeTtest" */ = {
			isa = XCConfigurationList;
			buildConfigurations = (
				2120D3672487D50A00437F9F /* Debug */,
				2120D3682487D50A00437F9F /* Release */,
			);
			defaultConfigurationIsVisible = 0;
			defaultConfigurationName = Release;
		};
		2120D3692487D50A00437F9F /* Build configuration list for PBXNativeTarget "XcodeTtest" */ = {
			isa = XCConfigurationList;
			buildConfigurations = (
				2120D36A2487D50A00437F9F /* Debug */,
				2120D36B2487D50A00437F9F /* Release */,
			);
			defaultConfigurationIsVisible = 0;
			defaultConfigurationName = Release;
		};
		2120D36C2487D50A00437F9F /* Build configuration list for PBXNativeTarget "XcodeTtestTests" */ = {
			isa = XCConfigurationList;
			buildConfigurations = (
				2120D36D2487D50A00437F9F /* Debug */,
				2120D36E2487D50A00437F9F /* Release */,
			);
			defaultConfigurationIsVisible = 0;
			defaultConfigurationName = Release;
		};
		2120D36F2487D50A00437F9F /* Build configuration list for PBXNativeTarget "XcodeTtestUITests" */ = {
			isa = XCConfigurationList;
			buildConfigurations = (
				2120D3702487D50A00437F9F /* Debug */,
				2120D3712487D50A00437F9F /* Release */,
			);
			defaultConfigurationIsVisible = 0;
			defaultConfigurationName = Release;
		};
/* End XCConfigurationList section */
	};
	rootObject = 2120D3372487D50700437F9F /* Project object */;
}
